
Microsoft Visual Studio Solution File, Format Version 12.00
# Visual Studio 14
VisualStudioVersion = 14.0.25420.1
MinimumVisualStudioVersion = 10.0.40219.1
Project("{FAE04EC0-301F-11D3-BF4B-00C04F79EFBC}") = "ArtsApp", "ArtsApp\ArtsApp.csproj", "{39BD0568-7C87-4F6D-9544-CD32B2D96E45}"
EndProject
Project("{FAE04EC0-301F-11D3-BF4B-00C04F79EFBC}") = "ArtsApp.Tests", "ArtsApp.Tests\ArtsApp.Tests.csproj", "{8AF6D031-D33D-4C41-99CE-96A52947DE4A}"
EndProject
Global
	GlobalSection(SolutionConfigurationPlatforms) = preSolution
		Debug|Any CPU = Debug|Any CPU
		Release|Any CPU = Release|Any CPU
	EndGlobalSection
	GlobalSection(ProjectConfigurationPlatforms) = postSolution
		{39BD0568-7C87-4F6D-9544-CD32B2D96E45}.Debug|Any CPU.ActiveCfg = Debug|Any CPU
		{39BD0568-7C87-4F6D-9544-CD32B2D96E45}.Debug|Any CPU.Build.0 = Debug|Any CPU
		{39BD0568-7C87-4F6D-9544-CD32B2D96E45}.Release|Any CPU.ActiveCfg = Release|Any CPU
		{39BD0568-7C87-4F6D-9544-CD32B2D96E45}.Release|Any CPU.Build.0 = Release|Any CPU
		{8AF6D031-D33D-4C41-99CE-96A52947DE4A}.Debug|Any CPU.ActiveCfg = Debug|Any CPU
		{8AF6D031-D33D-4C41-99CE-96A52947DE4A}.Debug|Any CPU.Build.0 = Debug|Any CPU
		{8AF6D031-D33D-4C41-99CE-96A52947DE4A}.Release|Any CPU.ActiveCfg = Release|Any CPU
		{8AF6D031-D33D-4C41-99CE-96A52947DE4A}.Release|Any CPU.Build.0 = Release|Any CPU
	EndGlobalSection
	GlobalSection(SolutionProperties) = preSolution
		HideSolutionNode = FALSE
	EndGlobalSection
EndGlobal
